
Microsoft Visual Studio Solution File, Format Version 12.00
# Visual Studio 15
VisualStudioVersion = 15.0.27004.2006
MinimumVisualStudioVersion = 10.0.40219.1
Project("{FAE04EC0-301F-11D3-BF4B-00C04F79EFBC}") = "ZalXamarin.Android", "ZalXamarin\ZalXamarin.Android\ZalXamarin.Android.csproj", "{F871A6EF-4374-4C6A-A49A-31224FF604D7}"
EndProject
Project("{FAE04EC0-301F-11D3-BF4B-00C04F79EFBC}") = "ZalXamarin", "ZalXamarin\ZalXamarin\ZalXamarin.csproj", "{E8FF7C46-012A-4151-AB13-77AA1935FE67}"
	ProjectSection(ProjectDependencies) = postProject
		{066CE032-C845-4890-B85A-0BB5FE57AAEE} = {066CE032-C845-4890-B85A-0BB5FE57AAEE}
		{95622F63-2224-4910-BBAB-2C0A0413A488} = {95622F63-2224-4910-BBAB-2C0A0413A488}
	EndProjectSection
EndProject
Project("{FAE04EC0-301F-11D3-BF4B-00C04F79EFBC}") = "ZalXamarin.UWP", "ZalXamarin\ZalXamarin.UWP\ZalXamarin.UWP.csproj", "{7F720B3B-8431-4ADA-AA5E-A9EFD9C20B0E}"
EndProject
Project("{FAE04EC0-301F-11D3-BF4B-00C04F79EFBC}") = "ZalXamarin.iOS", "ZalXamarin\ZalXamarin.iOS\ZalXamarin.iOS.csproj", "{454BED88-2B8D-4475-8F3C-8A4F9887F59B}"
EndProject
Project("{FAE04EC0-301F-11D3-BF4B-00C04F79EFBC}") = "ZalApiGateway", "..\Domain\ZalApiGateway\ZalApiGateway.csproj", "{95622F63-2224-4910-BBAB-2C0A0413A488}"
EndProject
Project("{FAE04EC0-301F-11D3-BF4B-00C04F79EFBC}") = "ZalDomain", "..\Domain\ZalDomain\ZalDomain.csproj", "{066CE032-C845-4890-B85A-0BB5FE57AAEE}"
EndProject
Global
	GlobalSection(SolutionConfigurationPlatforms) = preSolution
		Ad-Hoc|Any CPU = Ad-Hoc|Any CPU
		Ad-Hoc|ARM = Ad-Hoc|ARM
		Ad-Hoc|iPhone = Ad-Hoc|iPhone
		Ad-Hoc|iPhoneSimulator = Ad-Hoc|iPhoneSimulator
		Ad-Hoc|x64 = Ad-Hoc|x64
		Ad-Hoc|x86 = Ad-Hoc|x86
		AppStore|Any CPU = AppStore|Any CPU
		AppStore|ARM = AppStore|ARM
		AppStore|iPhone = AppStore|iPhone
		AppStore|iPhoneSimulator = AppStore|iPhoneSimulator
		AppStore|x64 = AppStore|x64
		AppStore|x86 = AppStore|x86
		Debug|Any CPU = Debug|Any CPU
		Debug|ARM = Debug|ARM
		Debug|iPhone = Debug|iPhone
		Debug|iPhoneSimulator = Debug|iPhoneSimulator
		Debug|x64 = Debug|x64
		Debug|x86 = Debug|x86
		Release|Any CPU = Release|Any CPU
		Release|ARM = Release|ARM
		Release|iPhone = Release|iPhone
		Release|iPhoneSimulator = Release|iPhoneSimulator
		Release|x64 = Release|x64
		Release|x86 = Release|x86
	EndGlobalSection
	GlobalSection(ProjectConfigurationPlatforms) = postSolution
		{F871A6EF-4374-4C6A-A49A-31224FF604D7}.Ad-Hoc|Any CPU.ActiveCfg = Release|Any CPU
		{F871A6EF-4374-4C6A-A49A-31224FF604D7}.Ad-Hoc|Any CPU.Build.0 = Release|Any CPU
		{F871A6EF-4374-4C6A-A49A-31224FF604D7}.Ad-Hoc|Any CPU.Deploy.0 = Release|Any CPU
		{F871A6EF-4374-4C6A-A49A-31224FF604D7}.Ad-Hoc|ARM.ActiveCfg = Release|Any CPU
		{F871A6EF-4374-4C6A-A49A-31224FF604D7}.Ad-Hoc|ARM.Build.0 = Release|Any CPU
		{F871A6EF-4374-4C6A-A49A-31224FF604D7}.Ad-Hoc|ARM.Deploy.0 = Release|Any CPU
		{F871A6EF-4374-4C6A-A49A-31224FF604D7}.Ad-Hoc|iPhone.ActiveCfg = Release|Any CPU
		{F871A6EF-4374-4C6A-A49A-31224FF604D7}.Ad-Hoc|iPhone.Build.0 = Release|Any CPU
		{F871A6EF-4374-4C6A-A49A-31224FF604D7}.Ad-Hoc|iPhone.Deploy.0 = Release|Any CPU
		{F871A6EF-4374-4C6A-A49A-31224FF604D7}.Ad-Hoc|iPhoneSimulator.ActiveCfg = Release|Any CPU
		{F871A6EF-4374-4C6A-A49A-31224FF604D7}.Ad-Hoc|iPhoneSimulator.Build.0 = Release|Any CPU
		{F871A6EF-4374-4C6A-A49A-31224FF604D7}.Ad-Hoc|iPhoneSimulator.Deploy.0 = Release|Any CPU
		{F871A6EF-4374-4C6A-A49A-31224FF604D7}.Ad-Hoc|x64.ActiveCfg = Release|Any CPU
		{F871A6EF-4374-4C6A-A49A-31224FF604D7}.Ad-Hoc|x64.Build.0 = Release|Any CPU
		{F871A6EF-4374-4C6A-A49A-31224FF604D7}.Ad-Hoc|x64.Deploy.0 = Release|Any CPU
		{F871A6EF-4374-4C6A-A49A-31224FF604D7}.Ad-Hoc|x86.ActiveCfg = Release|Any CPU
		{F871A6EF-4374-4C6A-A49A-31224FF604D7}.Ad-Hoc|x86.Build.0 = Release|Any CPU
		{F871A6EF-4374-4C6A-A49A-31224FF604D7}.Ad-Hoc|x86.Deploy.0 = Release|Any CPU
		{F871A6EF-4374-4C6A-A49A-31224FF604D7}.AppStore|Any CPU.ActiveCfg = Release|Any CPU
		{F871A6EF-4374-4C6A-A49A-31224FF604D7}.AppStore|Any CPU.Build.0 = Release|Any CPU
		{F871A6EF-4374-4C6A-A49A-31224FF604D7}.AppStore|Any CPU.Deploy.0 = Release|Any CPU
		{F871A6EF-4374-4C6A-A49A-31224FF604D7}.AppStore|ARM.ActiveCfg = Release|Any CPU
		{F871A6EF-4374-4C6A-A49A-31224FF604D7}.AppStore|ARM.Build.0 = Release|Any CPU
		{F871A6EF-4374-4C6A-A49A-31224FF604D7}.AppStore|ARM.Deploy.0 = Release|Any CPU
		{F871A6EF-4374-4C6A-A49A-31224FF604D7}.AppStore|iPhone.ActiveCfg = Release|Any CPU
		{F871A6EF-4374-4C6A-A49A-31224FF604D7}.AppStore|iPhone.Build.0 = Release|Any CPU
		{F871A6EF-4374-4C6A-A49A-31224FF604D7}.AppStore|iPhone.Deploy.0 = Release|Any CPU
		{F871A6EF-4374-4C6A-A49A-31224FF604D7}.AppStore|iPhoneSimulator.ActiveCfg = Release|Any CPU
		{F871A6EF-4374-4C6A-A49A-31224FF604D7}.AppStore|iPhoneSimulator.Build.0 = Release|Any CPU
		{F871A6EF-4374-4C6A-A49A-31224FF604D7}.AppStore|iPhoneSimulator.Deploy.0 = Release|Any CPU
		{F871A6EF-4374-4C6A-A49A-31224FF604D7}.AppStore|x64.ActiveCfg = Release|Any CPU
		{F871A6EF-4374-4C6A-A49A-31224FF604D7}.AppStore|x64.Build.0 = Release|Any CPU
		{F871A6EF-4374-4C6A-A49A-31224FF604D7}.AppStore|x64.Deploy.0 = Release|Any CPU
		{F871A6EF-4374-4C6A-A49A-31224FF604D7}.AppStore|x86.ActiveCfg = Release|Any CPU
		{F871A6EF-4374-4C6A-A49A-31224FF604D7}.AppStore|x86.Build.0 = Release|Any CPU
		{F871A6EF-4374-4C6A-A49A-31224FF604D7}.AppStore|x86.Deploy.0 = Release|Any CPU
		{F871A6EF-4374-4C6A-A49A-31224FF604D7}.Debug|Any CPU.ActiveCfg = Debug|Any CPU
		{F871A6EF-4374-4C6A-A49A-31224FF604D7}.Debug|Any CPU.Build.0 = Debug|Any CPU
		{F871A6EF-4374-4C6A-A49A-31224FF604D7}.Debug|Any CPU.Deploy.0 = Debug|Any CPU
		{F871A6EF-4374-4C6A-A49A-31224FF604D7}.Debug|ARM.ActiveCfg = Debug|Any CPU
		{F871A6EF-4374-4C6A-A49A-31224FF604D7}.Debug|ARM.Build.0 = Debug|Any CPU
		{F871A6EF-4374-4C6A-A49A-31224FF604D7}.Debug|ARM.Deploy.0 = Debug|Any CPU
		{F871A6EF-4374-4C6A-A49A-31224FF604D7}.Debug|iPhone.ActiveCfg = Debug|Any CPU
		{F871A6EF-4374-4C6A-A49A-31224FF604D7}.Debug|iPhone.Build.0 = Debug|Any CPU
		{F871A6EF-4374-4C6A-A49A-31224FF604D7}.Debug|iPhone.Deploy.0 = Debug|Any CPU
		{F871A6EF-4374-4C6A-A49A-31224FF604D7}.Debug|iPhoneSimulator.ActiveCfg = Debug|Any CPU
		{F871A6EF-4374-4C6A-A49A-31224FF604D7}.Debug|iPhoneSimulator.Build.0 = Debug|Any CPU
		{F871A6EF-4374-4C6A-A49A-31224FF604D7}.Debug|iPhoneSimulator.Deploy.0 = Debug|Any CPU
		{F871A6EF-4374-4C6A-A49A-31224FF604D7}.Debug|x64.ActiveCfg = Debug|Any CPU
		{F871A6EF-4374-4C6A-A49A-31224FF604D7}.Debug|x64.Build.0 = Debug|Any CPU
		{F871A6EF-4374-4C6A-A49A-31224FF604D7}.Debug|x64.Deploy.0 = Debug|Any CPU
		{F871A6EF-4374-4C6A-A49A-31224FF604D7}.Debug|x86.ActiveCfg = Debug|Any CPU
		{F871A6EF-4374-4C6A-A49A-31224FF604D7}.Debug|x86.Build.0 = Debug|Any CPU
		{F871A6EF-4374-4C6A-A49A-31224FF604D7}.Debug|x86.Deploy.0 = Debug|Any CPU
		{F871A6EF-4374-4C6A-A49A-31224FF604D7}.Release|Any CPU.ActiveCfg = Release|Any CPU
		{F871A6EF-4374-4C6A-A49A-31224FF604D7}.Release|Any CPU.Build.0 = Release|Any CPU
		{F871A6EF-4374-4C6A-A49A-31224FF604D7}.Release|Any CPU.Deploy.0 = Release|Any CPU
		{F871A6EF-4374-4C6A-A49A-31224FF604D7}.Release|ARM.ActiveCfg = Release|Any CPU
		{F871A6EF-4374-4C6A-A49A-31224FF604D7}.Release|ARM.Build.0 = Release|Any CPU
		{F871A6EF-4374-4C6A-A49A-31224FF604D7}.Release|ARM.Deploy.0 = Release|Any CPU
		{F871A6EF-4374-4C6A-A49A-31224FF604D7}.Release|iPhone.ActiveCfg = Release|Any CPU
		{F871A6EF-4374-4C6A-A49A-31224FF604D7}.Release|iPhone.Build.0 = Release|Any CPU
		{F871A6EF-4374-4C6A-A49A-31224FF604D7}.Release|iPhone.Deploy.0 = Release|Any CPU
		{F871A6EF-4374-4C6A-A49A-31224FF604D7}.Release|iPhoneSimulator.ActiveCfg = Release|Any CPU
		{F871A6EF-4374-4C6A-A49A-31224FF604D7}.Release|iPhoneSimulator.Build.0 = Release|Any CPU
		{F871A6EF-4374-4C6A-A49A-31224FF604D7}.Release|iPhoneSimulator.Deploy.0 = Release|Any CPU
		{F871A6EF-4374-4C6A-A49A-31224FF604D7}.Release|x64.ActiveCfg = Release|Any CPU
		{F871A6EF-4374-4C6A-A49A-31224FF604D7}.Release|x64.Build.0 = Release|Any CPU
		{F871A6EF-4374-4C6A-A49A-31224FF604D7}.Release|x64.Deploy.0 = Release|Any CPU
		{F871A6EF-4374-4C6A-A49A-31224FF604D7}.Release|x86.ActiveCfg = Release|Any CPU
		{F871A6EF-4374-4C6A-A49A-31224FF604D7}.Release|x86.Build.0 = Release|Any CPU
		{F871A6EF-4374-4C6A-A49A-31224FF604D7}.Release|x86.Deploy.0 = Release|Any CPU
		{E8FF7C46-012A-4151-AB13-77AA1935FE67}.Ad-Hoc|Any CPU.ActiveCfg = Release|Any CPU
		{E8FF7C46-012A-4151-AB13-77AA1935FE67}.Ad-Hoc|Any CPU.Build.0 = Release|Any CPU
		{E8FF7C46-012A-4151-AB13-77AA1935FE67}.Ad-Hoc|ARM.ActiveCfg = Release|Any CPU
		{E8FF7C46-012A-4151-AB13-77AA1935FE67}.Ad-Hoc|ARM.Build.0 = Release|Any CPU
		{E8FF7C46-012A-4151-AB13-77AA1935FE67}.Ad-Hoc|iPhone.ActiveCfg = Release|Any CPU
		{E8FF7C46-012A-4151-AB13-77AA1935FE67}.Ad-Hoc|iPhone.Build.0 = Release|Any CPU
		{E8FF7C46-012A-4151-AB13-77AA1935FE67}.Ad-Hoc|iPhoneSimulator.ActiveCfg = Release|Any CPU
		{E8FF7C46-012A-4151-AB13-77AA1935FE67}.Ad-Hoc|iPhoneSimulator.Build.0 = Release|Any CPU
		{E8FF7C46-012A-4151-AB13-77AA1935FE67}.Ad-Hoc|x64.ActiveCfg = Release|Any CPU
		{E8FF7C46-012A-4151-AB13-77AA1935FE67}.Ad-Hoc|x64.Build.0 = Release|Any CPU
		{E8FF7C46-012A-4151-AB13-77AA1935FE67}.Ad-Hoc|x86.ActiveCfg = Release|Any CPU
		{E8FF7C46-012A-4151-AB13-77AA1935FE67}.Ad-Hoc|x86.Build.0 = Release|Any CPU
		{E8FF7C46-012A-4151-AB13-77AA1935FE67}.AppStore|Any CPU.ActiveCfg = Release|Any CPU
		{E8FF7C46-012A-4151-AB13-77AA1935FE67}.AppStore|Any CPU.Build.0 = Release|Any CPU
		{E8FF7C46-012A-4151-AB13-77AA1935FE67}.AppStore|ARM.ActiveCfg = Release|Any CPU
		{E8FF7C46-012A-4151-AB13-77AA1935FE67}.AppStore|ARM.Build.0 = Release|Any CPU
		{E8FF7C46-012A-4151-AB13-77AA1935FE67}.AppStore|iPhone.ActiveCfg = Release|Any CPU
		{E8FF7C46-012A-4151-AB13-77AA1935FE67}.AppStore|iPhone.Build.0 = Release|Any CPU
		{E8FF7C46-012A-4151-AB13-77AA1935FE67}.AppStore|iPhoneSimulator.ActiveCfg = Release|Any CPU
		{E8FF7C46-012A-4151-AB13-77AA1935FE67}.AppStore|iPhoneSimulator.Build.0 = Release|Any CPU
		{E8FF7C46-012A-4151-AB13-77AA1935FE67}.AppStore|x64.ActiveCfg = Release|Any CPU
		{E8FF7C46-012A-4151-AB13-77AA1935FE67}.AppStore|x64.Build.0 = Release|Any CPU
		{E8FF7C46-012A-4151-AB13-77AA1935FE67}.AppStore|x86.ActiveCfg = Release|Any CPU
		{E8FF7C46-012A-4151-AB13-77AA1935FE67}.AppStore|x86.Build.0 = Release|Any CPU
		{E8FF7C46-012A-4151-AB13-77AA1935FE67}.Debug|Any CPU.ActiveCfg = Debug|Any CPU
		{E8FF7C46-012A-4151-AB13-77AA1935FE67}.Debug|Any CPU.Build.0 = Debug|Any CPU
		{E8FF7C46-012A-4151-AB13-77AA1935FE67}.Debug|ARM.ActiveCfg = Debug|Any CPU
		{E8FF7C46-012A-4151-AB13-77AA1935FE67}.Debug|ARM.Build.0 = Debug|Any CPU
		{E8FF7C46-012A-4151-AB13-77AA1935FE67}.Debug|iPhone.ActiveCfg = Debug|Any CPU
		{E8FF7C46-012A-4151-AB13-77AA1935FE67}.Debug|iPhone.Build.0 = Debug|Any CPU
		{E8FF7C46-012A-4151-AB13-77AA1935FE67}.Debug|iPhoneSimulator.ActiveCfg = Debug|Any CPU
		{E8FF7C46-012A-4151-AB13-77AA1935FE67}.Debug|iPhoneSimulator.Build.0 = Debug|Any CPU
		{E8FF7C46-012A-4151-AB13-77AA1935FE67}.Debug|x64.ActiveCfg = Debug|Any CPU
		{E8FF7C46-012A-4151-AB13-77AA1935FE67}.Debug|x64.Build.0 = Debug|Any CPU
		{E8FF7C46-012A-4151-AB13-77AA1935FE67}.Debug|x86.ActiveCfg = Debug|Any CPU
		{E8FF7C46-012A-4151-AB13-77AA1935FE67}.Debug|x86.Build.0 = Debug|Any CPU
		{E8FF7C46-012A-4151-AB13-77AA1935FE67}.Release|Any CPU.ActiveCfg = Release|Any CPU
		{E8FF7C46-012A-4151-AB13-77AA1935FE67}.Release|Any CPU.Build.0 = Release|Any CPU
		{E8FF7C46-012A-4151-AB13-77AA1935FE67}.Release|ARM.ActiveCfg = Release|Any CPU
		{E8FF7C46-012A-4151-AB13-77AA1935FE67}.Release|ARM.Build.0 = Release|Any CPU
		{E8FF7C46-012A-4151-AB13-77AA1935FE67}.Release|iPhone.ActiveCfg = Release|Any CPU
		{E8FF7C46-012A-4151-AB13-77AA1935FE67}.Release|iPhone.Build.0 = Release|Any CPU
		{E8FF7C46-012A-4151-AB13-77AA1935FE67}.Release|iPhoneSimulator.ActiveCfg = Release|Any CPU
		{E8FF7C46-012A-4151-AB13-77AA1935FE67}.Release|iPhoneSimulator.Build.0 = Release|Any CPU
		{E8FF7C46-012A-4151-AB13-77AA1935FE67}.Release|x64.ActiveCfg = Release|Any CPU
		{E8FF7C46-012A-4151-AB13-77AA1935FE67}.Release|x64.Build.0 = Release|Any CPU
		{E8FF7C46-012A-4151-AB13-77AA1935FE67}.Release|x86.ActiveCfg = Release|Any CPU
		{E8FF7C46-012A-4151-AB13-77AA1935FE67}.Release|x86.Build.0 = Release|Any CPU
		{7F720B3B-8431-4ADA-AA5E-A9EFD9C20B0E}.Ad-Hoc|Any CPU.ActiveCfg = Release|x86
		{7F720B3B-8431-4ADA-AA5E-A9EFD9C20B0E}.Ad-Hoc|Any CPU.Build.0 = Release|x86
		{7F720B3B-8431-4ADA-AA5E-A9EFD9C20B0E}.Ad-Hoc|Any CPU.Deploy.0 = Release|x86
		{7F720B3B-8431-4ADA-AA5E-A9EFD9C20B0E}.Ad-Hoc|ARM.ActiveCfg = Release|ARM
		{7F720B3B-8431-4ADA-AA5E-A9EFD9C20B0E}.Ad-Hoc|ARM.Build.0 = Release|ARM
		{7F720B3B-8431-4ADA-AA5E-A9EFD9C20B0E}.Ad-Hoc|ARM.Deploy.0 = Release|ARM
		{7F720B3B-8431-4ADA-AA5E-A9EFD9C20B0E}.Ad-Hoc|iPhone.ActiveCfg = Release|x86
		{7F720B3B-8431-4ADA-AA5E-A9EFD9C20B0E}.Ad-Hoc|iPhone.Build.0 = Release|x86
		{7F720B3B-8431-4ADA-AA5E-A9EFD9C20B0E}.Ad-Hoc|iPhone.Deploy.0 = Release|x86
		{7F720B3B-8431-4ADA-AA5E-A9EFD9C20B0E}.Ad-Hoc|iPhoneSimulator.ActiveCfg = Release|x86
		{7F720B3B-8431-4ADA-AA5E-A9EFD9C20B0E}.Ad-Hoc|iPhoneSimulator.Build.0 = Release|x86
		{7F720B3B-8431-4ADA-AA5E-A9EFD9C20B0E}.Ad-Hoc|iPhoneSimulator.Deploy.0 = Release|x86
		{7F720B3B-8431-4ADA-AA5E-A9EFD9C20B0E}.Ad-Hoc|x64.ActiveCfg = Release|x64
		{7F720B3B-8431-4ADA-AA5E-A9EFD9C20B0E}.Ad-Hoc|x64.Build.0 = Release|x64
		{7F720B3B-8431-4ADA-AA5E-A9EFD9C20B0E}.Ad-Hoc|x64.Deploy.0 = Release|x64
		{7F720B3B-8431-4ADA-AA5E-A9EFD9C20B0E}.Ad-Hoc|x86.ActiveCfg = Release|x86
		{7F720B3B-8431-4ADA-AA5E-A9EFD9C20B0E}.Ad-Hoc|x86.Build.0 = Release|x86
		{7F720B3B-8431-4ADA-AA5E-A9EFD9C20B0E}.Ad-Hoc|x86.Deploy.0 = Release|x86
		{7F720B3B-8431-4ADA-AA5E-A9EFD9C20B0E}.AppStore|Any CPU.ActiveCfg = Release|x86
		{7F720B3B-8431-4ADA-AA5E-A9EFD9C20B0E}.AppStore|Any CPU.Build.0 = Release|x86
		{7F720B3B-8431-4ADA-AA5E-A9EFD9C20B0E}.AppStore|Any CPU.Deploy.0 = Release|x86
		{7F720B3B-8431-4ADA-AA5E-A9EFD9C20B0E}.AppStore|ARM.ActiveCfg = Release|ARM
		{7F720B3B-8431-4ADA-AA5E-A9EFD9C20B0E}.AppStore|ARM.Build.0 = Release|ARM
		{7F720B3B-8431-4ADA-AA5E-A9EFD9C20B0E}.AppStore|ARM.Deploy.0 = Release|ARM
		{7F720B3B-8431-4ADA-AA5E-A9EFD9C20B0E}.AppStore|iPhone.ActiveCfg = Release|x86
		{7F720B3B-8431-4ADA-AA5E-A9EFD9C20B0E}.AppStore|iPhone.Build.0 = Release|x86
		{7F720B3B-8431-4ADA-AA5E-A9EFD9C20B0E}.AppStore|iPhone.Deploy.0 = Release|x86
		{7F720B3B-8431-4ADA-AA5E-A9EFD9C20B0E}.AppStore|iPhoneSimulator.ActiveCfg = Release|x86
		{7F720B3B-8431-4ADA-AA5E-A9EFD9C20B0E}.AppStore|iPhoneSimulator.Build.0 = Release|x86
		{7F720B3B-8431-4ADA-AA5E-A9EFD9C20B0E}.AppStore|iPhoneSimulator.Deploy.0 = Release|x86
		{7F720B3B-8431-4ADA-AA5E-A9EFD9C20B0E}.AppStore|x64.ActiveCfg = Release|x64
		{7F720B3B-8431-4ADA-AA5E-A9EFD9C20B0E}.AppStore|x64.Build.0 = Release|x64
		{7F720B3B-8431-4ADA-AA5E-A9EFD9C20B0E}.AppStore|x64.Deploy.0 = Release|x64
		{7F720B3B-8431-4ADA-AA5E-A9EFD9C20B0E}.AppStore|x86.ActiveCfg = Release|x86
		{7F720B3B-8431-4ADA-AA5E-A9EFD9C20B0E}.AppStore|x86.Build.0 = Release|x86
		{7F720B3B-8431-4ADA-AA5E-A9EFD9C20B0E}.AppStore|x86.Deploy.0 = Release|x86
		{7F720B3B-8431-4ADA-AA5E-A9EFD9C20B0E}.Debug|Any CPU.ActiveCfg = Debug|x86
		{7F720B3B-8431-4ADA-AA5E-A9EFD9C20B0E}.Debug|ARM.ActiveCfg = Debug|ARM
		{7F720B3B-8431-4ADA-AA5E-A9EFD9C20B0E}.Debug|ARM.Build.0 = Debug|ARM
		{7F720B3B-8431-4ADA-AA5E-A9EFD9C20B0E}.Debug|ARM.Deploy.0 = Debug|ARM
		{7F720B3B-8431-4ADA-AA5E-A9EFD9C20B0E}.Debug|iPhone.ActiveCfg = Debug|x86
		{7F720B3B-8431-4ADA-AA5E-A9EFD9C20B0E}.Debug|iPhoneSimulator.ActiveCfg = Debug|x86
		{7F720B3B-8431-4ADA-AA5E-A9EFD9C20B0E}.Debug|x64.ActiveCfg = Debug|x64
		{7F720B3B-8431-4ADA-AA5E-A9EFD9C20B0E}.Debug|x64.Build.0 = Debug|x64
		{7F720B3B-8431-4ADA-AA5E-A9EFD9C20B0E}.Debug|x64.Deploy.0 = Debug|x64
		{7F720B3B-8431-4ADA-AA5E-A9EFD9C20B0E}.Debug|x86.ActiveCfg = Debug|x86
		{7F720B3B-8431-4ADA-AA5E-A9EFD9C20B0E}.Debug|x86.Build.0 = Debug|x86
		{7F720B3B-8431-4ADA-AA5E-A9EFD9C20B0E}.Debug|x86.Deploy.0 = Debug|x86
		{7F720B3B-8431-4ADA-AA5E-A9EFD9C20B0E}.Release|Any CPU.ActiveCfg = Release|x86
		{7F720B3B-8431-4ADA-AA5E-A9EFD9C20B0E}.Release|ARM.ActiveCfg = Release|ARM
		{7F720B3B-8431-4ADA-AA5E-A9EFD9C20B0E}.Release|ARM.Build.0 = Release|ARM
		{7F720B3B-8431-4ADA-AA5E-A9EFD9C20B0E}.Release|ARM.Deploy.0 = Release|ARM
		{7F720B3B-8431-4ADA-AA5E-A9EFD9C20B0E}.Release|iPhone.ActiveCfg = Release|x86
		{7F720B3B-8431-4ADA-AA5E-A9EFD9C20B0E}.Release|iPhoneSimulator.ActiveCfg = Release|x86
		{7F720B3B-8431-4ADA-AA5E-A9EFD9C20B0E}.Release|x64.ActiveCfg = Release|x64
		{7F720B3B-8431-4ADA-AA5E-A9EFD9C20B0E}.Release|x64.Build.0 = Release|x64
		{7F720B3B-8431-4ADA-AA5E-A9EFD9C20B0E}.Release|x64.Deploy.0 = Release|x64
		{7F720B3B-8431-4ADA-AA5E-A9EFD9C20B0E}.Release|x86.ActiveCfg = Release|x86
		{7F720B3B-8431-4ADA-AA5E-A9EFD9C20B0E}.Release|x86.Build.0 = Release|x86
		{7F720B3B-8431-4ADA-AA5E-A9EFD9C20B0E}.Release|x86.Deploy.0 = Release|x86
		{454BED88-2B8D-4475-8F3C-8A4F9887F59B}.Ad-Hoc|Any CPU.ActiveCfg = Ad-Hoc|iPhoneSimulator
		{454BED88-2B8D-4475-8F3C-8A4F9887F59B}.Ad-Hoc|ARM.ActiveCfg = Ad-Hoc|iPhone
		{454BED88-2B8D-4475-8F3C-8A4F9887F59B}.Ad-Hoc|iPhone.ActiveCfg = Ad-Hoc|iPhone
		{454BED88-2B8D-4475-8F3C-8A4F9887F59B}.Ad-Hoc|iPhone.Build.0 = Ad-Hoc|iPhone
		{454BED88-2B8D-4475-8F3C-8A4F9887F59B}.Ad-Hoc|iPhoneSimulator.ActiveCfg = Ad-Hoc|iPhoneSimulator
		{454BED88-2B8D-4475-8F3C-8A4F9887F59B}.Ad-Hoc|iPhoneSimulator.Build.0 = Ad-Hoc|iPhoneSimulator
		{454BED88-2B8D-4475-8F3C-8A4F9887F59B}.Ad-Hoc|x64.ActiveCfg = Ad-Hoc|iPhone
		{454BED88-2B8D-4475-8F3C-8A4F9887F59B}.Ad-Hoc|x86.ActiveCfg = Ad-Hoc|iPhone
		{454BED88-2B8D-4475-8F3C-8A4F9887F59B}.AppStore|Any CPU.ActiveCfg = AppStore|iPhoneSimulator
		{454BED88-2B8D-4475-8F3C-8A4F9887F59B}.AppStore|ARM.ActiveCfg = AppStore|iPhone
		{454BED88-2B8D-4475-8F3C-8A4F9887F59B}.AppStore|iPhone.ActiveCfg = AppStore|iPhone
		{454BED88-2B8D-4475-8F3C-8A4F9887F59B}.AppStore|iPhone.Build.0 = AppStore|iPhone
		{454BED88-2B8D-4475-8F3C-8A4F9887F59B}.AppStore|iPhoneSimulator.ActiveCfg = AppStore|iPhoneSimulator
		{454BED88-2B8D-4475-8F3C-8A4F9887F59B}.AppStore|iPhoneSimulator.Build.0 = AppStore|iPhoneSimulator
		{454BED88-2B8D-4475-8F3C-8A4F9887F59B}.AppStore|x64.ActiveCfg = AppStore|iPhone
		{454BED88-2B8D-4475-8F3C-8A4F9887F59B}.AppStore|x86.ActiveCfg = AppStore|iPhone
		{454BED88-2B8D-4475-8F3C-8A4F9887F59B}.Debug|Any CPU.ActiveCfg = Debug|iPhoneSimulator
		{454BED88-2B8D-4475-8F3C-8A4F9887F59B}.Debug|ARM.ActiveCfg = Debug|iPhone
		{454BED88-2B8D-4475-8F3C-8A4F9887F59B}.Debug|iPhone.ActiveCfg = Debug|iPhone
		{454BED88-2B8D-4475-8F3C-8A4F9887F59B}.Debug|iPhone.Build.0 = Debug|iPhone
		{454BED88-2B8D-4475-8F3C-8A4F9887F59B}.Debug|iPhoneSimulator.ActiveCfg = Debug|iPhoneSimulator
		{454BED88-2B8D-4475-8F3C-8A4F9887F59B}.Debug|iPhoneSimulator.Build.0 = Debug|iPhoneSimulator
		{454BED88-2B8D-4475-8F3C-8A4F9887F59B}.Debug|x64.ActiveCfg = Debug|iPhone
		{454BED88-2B8D-4475-8F3C-8A4F9887F59B}.Debug|x86.ActiveCfg = Debug|iPhone
		{454BED88-2B8D-4475-8F3C-8A4F9887F59B}.Release|Any CPU.ActiveCfg = Release|iPhoneSimulator
		{454BED88-2B8D-4475-8F3C-8A4F9887F59B}.Release|ARM.ActiveCfg = Release|iPhone
		{454BED88-2B8D-4475-8F3C-8A4F9887F59B}.Release|iPhone.ActiveCfg = Release|iPhone
		{454BED88-2B8D-4475-8F3C-8A4F9887F59B}.Release|iPhone.Build.0 = Release|iPhone
		{454BED88-2B8D-4475-8F3C-8A4F9887F59B}.Release|iPhoneSimulator.ActiveCfg = Release|iPhoneSimulator
		{454BED88-2B8D-4475-8F3C-8A4F9887F59B}.Release|iPhoneSimulator.Build.0 = Release|iPhoneSimulator
		{454BED88-2B8D-4475-8F3C-8A4F9887F59B}.Release|x64.ActiveCfg = Release|iPhone
		{454BED88-2B8D-4475-8F3C-8A4F9887F59B}.Release|x86.ActiveCfg = Release|iPhone
		{95622F63-2224-4910-BBAB-2C0A0413A488}.Ad-Hoc|Any CPU.ActiveCfg = Release|Any CPU
		{95622F63-2224-4910-BBAB-2C0A0413A488}.Ad-Hoc|Any CPU.Build.0 = Release|Any CPU
		{95622F63-2224-4910-BBAB-2C0A0413A488}.Ad-Hoc|ARM.ActiveCfg = Release|Any CPU
		{95622F63-2224-4910-BBAB-2C0A0413A488}.Ad-Hoc|ARM.Build.0 = Release|Any CPU
		{95622F63-2224-4910-BBAB-2C0A0413A488}.Ad-Hoc|iPhone.ActiveCfg = Release|Any CPU
		{95622F63-2224-4910-BBAB-2C0A0413A488}.Ad-Hoc|iPhone.Build.0 = Release|Any CPU
		{95622F63-2224-4910-BBAB-2C0A0413A488}.Ad-Hoc|iPhoneSimulator.ActiveCfg = Release|Any CPU
		{95622F63-2224-4910-BBAB-2C0A0413A488}.Ad-Hoc|iPhoneSimulator.Build.0 = Release|Any CPU
		{95622F63-2224-4910-BBAB-2C0A0413A488}.Ad-Hoc|x64.ActiveCfg = Release|Any CPU
		{95622F63-2224-4910-BBAB-2C0A0413A488}.Ad-Hoc|x64.Build.0 = Release|Any CPU
		{95622F63-2224-4910-BBAB-2C0A0413A488}.Ad-Hoc|x86.ActiveCfg = Release|Any CPU
		{95622F63-2224-4910-BBAB-2C0A0413A488}.Ad-Hoc|x86.Build.0 = Release|Any CPU
		{95622F63-2224-4910-BBAB-2C0A0413A488}.AppStore|Any CPU.ActiveCfg = Release|Any CPU
		{95622F63-2224-4910-BBAB-2C0A0413A488}.AppStore|Any CPU.Build.0 = Release|Any CPU
		{95622F63-2224-4910-BBAB-2C0A0413A488}.AppStore|ARM.ActiveCfg = Release|Any CPU
		{95622F63-2224-4910-BBAB-2C0A0413A488}.AppStore|ARM.Build.0 = Release|Any CPU
		{95622F63-2224-4910-BBAB-2C0A0413A488}.AppStore|iPhone.ActiveCfg = Release|Any CPU
		{95622F63-2224-4910-BBAB-2C0A0413A488}.AppStore|iPhone.Build.0 = Release|Any CPU
		{95622F63-2224-4910-BBAB-2C0A0413A488}.AppStore|iPhoneSimulator.ActiveCfg = Release|Any CPU
		{95622F63-2224-4910-BBAB-2C0A0413A488}.AppStore|iPhoneSimulator.Build.0 = Release|Any CPU
		{95622F63-2224-4910-BBAB-2C0A0413A488}.AppStore|x64.ActiveCfg = Release|Any CPU
		{95622F63-2224-4910-BBAB-2C0A0413A488}.AppStore|x64.Build.0 = Release|Any CPU
		{95622F63-2224-4910-BBAB-2C0A0413A488}.AppStore|x86.ActiveCfg = Release|Any CPU
		{95622F63-2224-4910-BBAB-2C0A0413A488}.AppStore|x86.Build.0 = Release|Any CPU
		{95622F63-2224-4910-BBAB-2C0A0413A488}.Debug|Any CPU.ActiveCfg = Debug|Any CPU
		{95622F63-2224-4910-BBAB-2C0A0413A488}.Debug|Any CPU.Build.0 = Debug|Any CPU
		{95622F63-2224-4910-BBAB-2C0A0413A488}.Debug|ARM.ActiveCfg = Debug|Any CPU
		{95622F63-2224-4910-BBAB-2C0A0413A488}.Debug|ARM.Build.0 = Debug|Any CPU
		{95622F63-2224-4910-BBAB-2C0A0413A488}.Debug|iPhone.ActiveCfg = Debug|Any CPU
		{95622F63-2224-4910-BBAB-2C0A0413A488}.Debug|iPhone.Build.0 = Debug|Any CPU
		{95622F63-2224-4910-BBAB-2C0A0413A488}.Debug|iPhoneSimulator.ActiveCfg = Debug|Any CPU
		{95622F63-2224-4910-BBAB-2C0A0413A488}.Debug|iPhoneSimulator.Build.0 = Debug|Any CPU
		{95622F63-2224-4910-BBAB-2C0A0413A488}.Debug|x64.ActiveCfg = Debug|Any CPU
		{95622F63-2224-4910-BBAB-2C0A0413A488}.Debug|x64.Build.0 = Debug|Any CPU
		{95622F63-2224-4910-BBAB-2C0A0413A488}.Debug|x86.ActiveCfg = Debug|Any CPU
		{95622F63-2224-4910-BBAB-2C0A0413A488}.Debug|x86.Build.0 = Debug|Any CPU
		{95622F63-2224-4910-BBAB-2C0A0413A488}.Release|Any CPU.ActiveCfg = Release|Any CPU
		{95622F63-2224-4910-BBAB-2C0A0413A488}.Release|Any CPU.Build.0 = Release|Any CPU
		{95622F63-2224-4910-BBAB-2C0A0413A488}.Release|ARM.ActiveCfg = Release|Any CPU
		{95622F63-2224-4910-BBAB-2C0A0413A488}.Release|ARM.Build.0 = Release|Any CPU
		{95622F63-2224-4910-BBAB-2C0A0413A488}.Release|iPhone.ActiveCfg = Release|Any CPU
		{95622F63-2224-4910-BBAB-2C0A0413A488}.Release|iPhone.Build.0 = Release|Any CPU
		{95622F63-2224-4910-BBAB-2C0A0413A488}.Release|iPhoneSimulator.ActiveCfg = Release|Any CPU
		{95622F63-2224-4910-BBAB-2C0A0413A488}.Release|iPhoneSimulator.Build.0 = Release|Any CPU
		{95622F63-2224-4910-BBAB-2C0A0413A488}.Release|x64.ActiveCfg = Release|Any CPU
		{95622F63-2224-4910-BBAB-2C0A0413A488}.Release|x64.Build.0 = Release|Any CPU
		{95622F63-2224-4910-BBAB-2C0A0413A488}.Release|x86.ActiveCfg = Release|Any CPU
		{95622F63-2224-4910-BBAB-2C0A0413A488}.Release|x86.Build.0 = Release|Any CPU
		{066CE032-C845-4890-B85A-0BB5FE57AAEE}.Ad-Hoc|Any CPU.ActiveCfg = Release|Any CPU
		{066CE032-C845-4890-B85A-0BB5FE57AAEE}.Ad-Hoc|Any CPU.Build.0 = Release|Any CPU
		{066CE032-C845-4890-B85A-0BB5FE57AAEE}.Ad-Hoc|ARM.ActiveCfg = Release|Any CPU
		{066CE032-C845-4890-B85A-0BB5FE57AAEE}.Ad-Hoc|ARM.Build.0 = Release|Any CPU
		{066CE032-C845-4890-B85A-0BB5FE57AAEE}.Ad-Hoc|iPhone.ActiveCfg = Release|Any CPU
		{066CE032-C845-4890-B85A-0BB5FE57AAEE}.Ad-Hoc|iPhone.Build.0 = Release|Any CPU
		{066CE032-C845-4890-B85A-0BB5FE57AAEE}.Ad-Hoc|iPhoneSimulator.ActiveCfg = Release|Any CPU
		{066CE032-C845-4890-B85A-0BB5FE57AAEE}.Ad-Hoc|iPhoneSimulator.Build.0 = Release|Any CPU
		{066CE032-C845-4890-B85A-0BB5FE57AAEE}.Ad-Hoc|x64.ActiveCfg = Release|Any CPU
		{066CE032-C845-4890-B85A-0BB5FE57AAEE}.Ad-Hoc|x64.Build.0 = Release|Any CPU
		{066CE032-C845-4890-B85A-0BB5FE57AAEE}.Ad-Hoc|x86.ActiveCfg = Release|Any CPU
		{066CE032-C845-4890-B85A-0BB5FE57AAEE}.Ad-Hoc|x86.Build.0 = Release|Any CPU
		{066CE032-C845-4890-B85A-0BB5FE57AAEE}.AppStore|Any CPU.ActiveCfg = Release|Any CPU
		{066CE032-C845-4890-B85A-0BB5FE57AAEE}.AppStore|Any CPU.Build.0 = Release|Any CPU
		{066CE032-C845-4890-B85A-0BB5FE57AAEE}.AppStore|ARM.ActiveCfg = Release|Any CPU
		{066CE032-C845-4890-B85A-0BB5FE57AAEE}.AppStore|ARM.Build.0 = Release|Any CPU
		{066CE032-C845-4890-B85A-0BB5FE57AAEE}.AppStore|iPhone.ActiveCfg = Release|Any CPU
		{066CE032-C845-4890-B85A-0BB5FE57AAEE}.AppStore|iPhone.Build.0 = Release|Any CPU
		{066CE032-C845-4890-B85A-0BB5FE57AAEE}.AppStore|iPhoneSimulator.ActiveCfg = Release|Any CPU
		{066CE032-C845-4890-B85A-0BB5FE57AAEE}.AppStore|iPhoneSimulator.Build.0 = Release|Any CPU
		{066CE032-C845-4890-B85A-0BB5FE57AAEE}.AppStore|x64.ActiveCfg = Release|Any CPU
		{066CE032-C845-4890-B85A-0BB5FE57AAEE}.AppStore|x64.Build.0 = Release|Any CPU
		{066CE032-C845-4890-B85A-0BB5FE57AAEE}.AppStore|x86.ActiveCfg = Release|Any CPU
		{066CE032-C845-4890-B85A-0BB5FE57AAEE}.AppStore|x86.Build.0 = Release|Any CPU
		{066CE032-C845-4890-B85A-0BB5FE57AAEE}.Debug|Any CPU.ActiveCfg = Debug|Any CPU
		{066CE032-C845-4890-B85A-0BB5FE57AAEE}.Debug|Any CPU.Build.0 = Debug|Any CPU
		{066CE032-C845-4890-B85A-0BB5FE57AAEE}.Debug|ARM.ActiveCfg = Debug|Any CPU
		{066CE032-C845-4890-B85A-0BB5FE57AAEE}.Debug|ARM.Build.0 = Debug|Any CPU
		{066CE032-C845-4890-B85A-0BB5FE57AAEE}.Debug|iPhone.ActiveCfg = Debug|Any CPU
		{066CE032-C845-4890-B85A-0BB5FE57AAEE}.Debug|iPhone.Build.0 = Debug|Any CPU
		{066CE032-C845-4890-B85A-0BB5FE57AAEE}.Debug|iPhoneSimulator.ActiveCfg = Debug|Any CPU
		{066CE032-C845-4890-B85A-0BB5FE57AAEE}.Debug|iPhoneSimulator.Build.0 = Debug|Any CPU
		{066CE032-C845-4890-B85A-0BB5FE57AAEE}.Debug|x64.ActiveCfg = Debug|Any CPU
		{066CE032-C845-4890-B85A-0BB5FE57AAEE}.Debug|x64.Build.0 = Debug|Any CPU
		{066CE032-C845-4890-B85A-0BB5FE57AAEE}.Debug|x86.ActiveCfg = Debug|Any CPU
		{066CE032-C845-4890-B85A-0BB5FE57AAEE}.Debug|x86.Build.0 = Debug|Any CPU
		{066CE032-C845-4890-B85A-0BB5FE57AAEE}.Release|Any CPU.ActiveCfg = Release|Any CPU
		{066CE032-C845-4890-B85A-0BB5FE57AAEE}.Release|Any CPU.Build.0 = Release|Any CPU
		{066CE032-C845-4890-B85A-0BB5FE57AAEE}.Release|ARM.ActiveCfg = Release|Any CPU
		{066CE032-C845-4890-B85A-0BB5FE57AAEE}.Release|ARM.Build.0 = Release|Any CPU
		{066CE032-C845-4890-B85A-0BB5FE57AAEE}.Release|iPhone.ActiveCfg = Release|Any CPU
		{066CE032-C845-4890-B85A-0BB5FE57AAEE}.Release|iPhone.Build.0 = Release|Any CPU
		{066CE032-C845-4890-B85A-0BB5FE57AAEE}.Release|iPhoneSimulator.ActiveCfg = Release|Any CPU
		{066CE032-C845-4890-B85A-0BB5FE57AAEE}.Release|iPhoneSimulator.Build.0 = Release|Any CPU
		{066CE032-C845-4890-B85A-0BB5FE57AAEE}.Release|x64.ActiveCfg = Release|Any CPU
		{066CE032-C845-4890-B85A-0BB5FE57AAEE}.Release|x64.Build.0 = Release|Any CPU
		{066CE032-C845-4890-B85A-0BB5FE57AAEE}.Release|x86.ActiveCfg = Release|Any CPU
		{066CE032-C845-4890-B85A-0BB5FE57AAEE}.Release|x86.Build.0 = Release|Any CPU
	EndGlobalSection
	GlobalSection(SolutionProperties) = preSolution
		HideSolutionNode = FALSE
	EndGlobalSection
	GlobalSection(ExtensibilityGlobals) = postSolution
		SolutionGuid = {569B6B14-FB11-46B3-A9CD-C110EA40E974}
	EndGlobalSection
EndGlobal
